{"filter":false,"title":"package-lock.json","tooltip":"/front/package-lock.json","undoManager":{"mark":-1,"position":-1,"stack":[]},"ace":{"folds":[],"scrolltop":0,"scrollleft":0,"selection":{"start":{"row":0,"column":0},"end":{"row":0,"column":0},"isBackwards":false},"options":{"guessTabSize":true,"useWrapMode":false,"wrapToView":true},"firstLineState":0},"timestamp":1585528811045,"hash":"ead3883a4b2e3223e9988e3d9bea574e9b029ebd"}